// !$*UTF8*$!
{
	archiveVersion = 1;
	classes = {
	};
	objectVersion = 46;
	objects = {

/* Begin PBXBuildFile section */
		762A87371C77187F00554EB5 /* AppDelegate.swift in Sources */ = {isa = PBXBuildFile; fileRef = 762A87361C77187F00554EB5 /* AppDelegate.swift */; };
		762A87391C77187F00554EB5 /* ViewController.swift in Sources */ = {isa = PBXBuildFile; fileRef = 762A87381C77187F00554EB5 /* ViewController.swift */; };
		762A873C1C77187F00554EB5 /* Main.storyboard in Resources */ = {isa = PBXBuildFile; fileRef = 762A873A1C77187F00554EB5 /* Main.storyboard */; };
		762A873E1C77187F00554EB5 /* Assets.xcassets in Resources */ = {isa = PBXBuildFile; fileRef = 762A873D1C77187F00554EB5 /* Assets.xcassets */; };
		762A87411C77187F00554EB5 /* LaunchScreen.storyboard in Resources */ = {isa = PBXBuildFile; fileRef = 762A873F1C77187F00554EB5 /* LaunchScreen.storyboard */; };
		762A87491C7718EB00554EB5 /* HeaderView.xib in Resources */ = {isa = PBXBuildFile; fileRef = 762A87481C7718EB00554EB5 /* HeaderView.xib */; };
		762A874B1C77195400554EB5 /* HeaderView.swift in Sources */ = {isa = PBXBuildFile; fileRef = 762A874A1C77195400554EB5 /* HeaderView.swift */; };
/* End PBXBuildFile section */

/* Begin PBXFileReference section */
		762A87331C77187F00554EB5 /* Xib.app */ = {isa = PBXFileReference; explicitFileType = wrapper.application; includeInIndex = 0; path = Xib.app; sourceTree = BUILT_PRODUCTS_DIR; };
		762A87361C77187F00554EB5 /* AppDelegate.swift */ = {isa = PBXFileReference; lastKnownFileType = sourcecode.swift; path = AppDelegate.swift; sourceTree = "<group>"; };
		762A87381C77187F00554EB5 /* ViewController.swift */ = {isa = PBXFileReference; lastKnownFileType = sourcecode.swift; path = ViewController.swift; sourceTree = "<group>"; };
		762A873B1C77187F00554EB5 /* Base */ = {isa = PBXFileReference; lastKnownFileType = file.storyboard; name = Base; path = Base.lproj/Main.storyboard; sourceTree = "<group>"; };
		762A873D1C77187F00554EB5 /* Assets.xcassets */ = {isa = PBXFileReference; lastKnownFileType = folder.assetcatalog; path = Assets.xcassets; sourceTree = "<group>"; };
		762A87401C77187F00554EB5 /* Base */ = {isa = PBXFileReference; lastKnownFileType = file.storyboard; name = Base; path = Base.lproj/LaunchScreen.storyboard; sourceTree = "<group>"; };
		762A87421C77187F00554EB5 /* Info.plist */ = {isa = PBXFileReference; lastKnownFileType = text.plist.xml; path = Info.plist; sourceTree = "<group>"; };
		762A87481C7718EB00554EB5 /* HeaderView.xib */ = {isa = PBXFileReference; fileEncoding = 4; lastKnownFileType = file.xib; path = HeaderView.xib; sourceTree = "<group>"; };
		762A874A1C77195400554EB5 /* HeaderView.swift */ = {isa = PBXFileReference; fileEncoding = 4; lastKnownFileType = sourcecode.swift; path = HeaderView.swift; sourceTree = "<group>"; };
/* End PBXFileReference section */

/* Begin PBXFrameworksBuildPhase section */
		762A87301C77187F00554EB5 /* Frameworks */ = {
			isa = PBXFrameworksBuildPhase;
			buildActionMask = 2147483647;
			files = (
			);
			runOnlyForDeploymentPostprocessing = 0;
		};
/* End PBXFrameworksBuildPhase section */

/* Begin PBXGroup section */
		762A872A1C77187F00554EB5 = {
			isa = PBXGroup;
			children = (
				762A87351C77187F00554EB5 /* Xib */,
				762A87341C77187F00554EB5 /* Products */,
			);
			sourceTree = "<group>";
		};
		762A87341C77187F00554EB5 /* Products */ = {
			isa = PBXGroup;
			children = (
				762A87331C77187F00554EB5 /* Xib.app */,
			);
			name = Products;
			sourceTree = "<group>";
		};
		762A87351C77187F00554EB5 /* Xib */ = {
			isa = PBXGroup;
			children = (
				762A87361C77187F00554EB5 /* AppDelegate.swift */,
				762A87381C77187F00554EB5 /* ViewController.swift */,
				762A87481C7718EB00554EB5 /* HeaderView.xib */,
				762A874A1C77195400554EB5 /* HeaderView.swift */,
				762A873A1C77187F00554EB5 /* Main.storyboard */,
				762A873D1C77187F00554EB5 /* Assets.xcassets */,
				762A873F1C77187F00554EB5 /* LaunchScreen.storyboard */,
				762A87421C77187F00554EB5 /* Info.plist */,
			);
			path = Xib;
			sourceTree = "<group>";
		};
/* End PBXGroup section */

/* Begin PBXNativeTarget section */
		762A87321C77187F00554EB5 /* Xib */ = {
			isa = PBXNativeTarget;
			buildConfigurationList = 762A87451C77187F00554EB5 /* Build configuration list for PBXNativeTarget "Xib" */;
			buildPhases = (
				762A872F1C77187F00554EB5 /* Sources */,
				762A87301C77187F00554EB5 /* Frameworks */,
				762A87311C77187F00554EB5 /* Resources */,
			);
			buildRules = (
			);
			dependencies = (
			);
			name = Xib;
			productName = Xib;
			productReference = 762A87331C77187F00554EB5 /* Xib.app */;
			productType = "com.apple.product-type.application";
		};
/* End PBXNativeTarget section */

/* Begin PBXProject section */
		762A872B1C77187F00554EB5 /* Project object */ = {
			isa = PBXProject;
			attributes = {
				LastSwiftUpdateCheck = 0720;
				LastUpgradeCheck = 0820;
				ORGANIZATIONNAME = "Gabriel Uribe";
				TargetAttributes = {
					762A87321C77187F00554EB5 = {
						CreatedOnToolsVersion = 7.2.1;
						LastSwiftMigration = 0820;
					};
				};
			};
			buildConfigurationList = 762A872E1C77187F00554EB5 /* Build configuration list for PBXProject "Xib" */;
			compatibilityVersion = "Xcode 3.2";
			developmentRegion = English;
			hasScannedForEncodings = 0;
			knownRegions = (
				en,
				Base,
			);
			mainGroup = 762A872A1C77187F00554EB5;
			productRefGroup = 762A87341C77187F00554EB5 /* Products */;
			projectDirPath = "";
			projectRoot = "";
			targets = (
				762A87321C77187F00554EB5 /* Xib */,
			);
		};
/* End PBXProject section */

/* Begin PBXResourcesBuildPhase section */
		762A87311C77187F00554EB5 /* Resources */ = {
			isa = PBXResourcesBuildPhase;
			buildActionMask = 2147483647;
			files = (
				762A87411C77187F00554EB5 /* LaunchScreen.storyboard in Resources */,
				762A873E1C77187F00554EB5 /* Assets.xcassets in Resources */,
				762A873C1C77187F00554EB5 /* Main.storyboard in Resources */,
				762A87491C7718EB00554EB5 /* HeaderView.xib in Resources */,
			);
			runOnlyForDeploymentPostprocessing = 0;
		};
/* End PBXResourcesBuildPhase section */

/* Begin PBXSourcesBuildPhase section */
		762A872F1C77187F00554EB5 /* Sources */ = {
			isa = PBXSourcesBuildPhase;
			buildActionMask = 2147483647;
			files = (
				762A87391C77187F00554EB5 /* ViewController.swift in Sources */,
				762A874B1C77195400554EB5 /* HeaderView.swift in Sources */,
				762A87371C77187F00554EB5 /* AppDelegate.swift in Sources */,
			);
			runOnlyForDeploymentPostprocessing = 0;
		};
/* End PBXSourcesBuildPhase section */

/* Begin PBXVariantGroup section */
		762A873A1C77187F00554EB5 /* Main.storyboard */ = {
			isa = PBXVariantGroup;
			children = (
				762A873B1C77187F00554EB5 /* Base */,
			);
			name = Main.storyboard;
			sourceTree = "<group>";
		};
		762A873F1C77187F00554EB5 /* LaunchScreen.storyboard */ = {
			isa = PBXVariantGroup;
			children = (
				762A87401C77187F00554EB5 /* Base */,
			);
			name = LaunchScreen.storyboard;
			sourceTree = "<group>";
		};
/* End PBXVariantGroup section */

/* Begin XCBuildConfiguration section */
		762A87431C77187F00554EB5 /* Debug */ = {
			isa = XCBuildConfiguration;
			buildSettings = {
				ALWAYS_SEARCH_USER_PATHS = NO;
				CLANG_CXX_LANGUAGE_STANDARD = "gnu++0x";
				CLANG_CXX_LIBRARY = "libc++";
				CLANG_ENABLE_MODULES = YES;
				CLANG_ENABLE_OBJC_ARC = YES;
				CLANG_WARN_BOOL_CONVERSION = YES;
				CLANG_WARN_CONSTANT_CONVERSION = YES;
				CLANG_WARN_DIRECT_OBJC_ISA_USAGE = YES_ERROR;
				CLANG_WARN_EMPTY_BODY = YES;
				CLANG_WARN_ENUM_CONVERSION = YES;
				CLANG_WARN_INFINITE_RECURSION = YES;
				CLANG_WARN_INT_CONVERSION = YES;
				CLANG_WARN_OBJC_ROOT_CLASS = YES_ERROR;
				CLANG_WARN_SUSPICIOUS_MOVE = YES;
				CLANG_WARN_UNREACHABLE_CODE = YES;
				CLANG_WARN__DUPLICATE_METHOD_MATCH = YES;
				"CODE_SIGN_IDENTITY[sdk=iphoneos*]" = "iPhone Developer";
				COPY_PHASE_STRIP = NO;
				DEBUG_INFORMATION_FORMAT = dwarf;
				ENABLE_STRICT_OBJC_MSGSEND = YES;
				ENABLE_TESTABILITY = YES;
				GCC_C_LANGUAGE_STANDARD = gnu99;
				GCC_DYNAMIC_NO_PIC = NO;
				GCC_NO_COMMON_BLOCKS = YES;
				GCC_OPTIMIZATION_LEVEL = 0;
				GCC_PREPROCESSOR_DEFINITIONS = (
					"DEBUG=1",
					"$(inherited)",
				);
				GCC_WARN_64_TO_32_BIT_CONVERSION = YES;
				GCC_WARN_ABOUT_RETURN_TYPE = YES_ERROR;
				GCC_WARN_UNDECLARED_SELECTOR = YES;
				GCC_WARN_UNINITIALIZED_AUTOS = YES_AGGRESSIVE;
				GCC_WARN_UNUSED_FUNCTION = YES;
				GCC_WARN_UNUSED_VARIABLE = YES;
				IPHONEOS_DEPLOYMENT_TARGET = 9.2;
				MTL_ENABLE_DEBUG_INFO = YES;
				ONLY_ACTIVE_ARCH = YES;
				SDKROOT = iphoneos;
				SWIFT_OPTIMIZATION_LEVEL = "-Onone";
				TARGETED_DEVICE_FAMILY = "1,2";
			};
			name = Debug;
		};
		762A87441C77187F00554EB5 /* Release */ = {
			isa = XCBuildConfiguration;
			buildSettings = {
				ALWAYS_SEARCH_USER_PATHS = NO;
				CLANG_CXX_LANGUAGE_STANDARD = "gnu++0x";
				CLANG_CXX_LIBRARY = "libc++";
				CLANG_ENABLE_MODULES = YES;
				CLANG_ENABLE_OBJC_ARC = YES;
				CLANG_WARN_BOOL_CONVERSION = YES;
				CLANG_WARN_CONSTANT_CONVERSION = YES;
				CLANG_WARN_DIRECT_OBJC_ISA_USAGE = YES_ERROR;
				CLANG_WARN_EMPTY_BODY = YES;
				CLANG_WARN_ENUM_CONVERSION = YES;
				CLANG_WARN_INFINITE_RECURSION = YES;
				CLANG_WARN_INT_CONVERSION = YES;
				CLANG_WARN_OBJC_ROOT_CLASS = YES_ERROR;
				CLANG_WARN_SUSPICIOUS_MOVE = YES;
				CLANG_WARN_UNREACHABLE_CODE = YES;
				CLANG_WARN__DUPLICATE_METHOD_MATCH = YES;
				"CODE_SIGN_IDENTITY[sdk=iphoneos*]" = "iPhone Developer";
				COPY_PHASE_STRIP = NO;
				DEBUG_INFORMATION_FORMAT = "dwarf-with-dsym";
				ENABLE_NS_ASSERTIONS = NO;
				ENABLE_STRICT_OBJC_MSGSEND = YES;
				GCC_C_LANGUAGE_STANDARD = gnu99;
				GCC_NO_COMMON_BLOCKS = YES;
				GCC_WARN_64_TO_32_BIT_CONVERSION = YES;
				GCC_WARN_ABOUT_RETURN_TYPE = YES_ERROR;
				GCC_WARN_UNDECLARED_SELECTOR = YES;
				GCC_WARN_UNINITIALIZED_AUTOS = YES_AGGRESSIVE;
				GCC_WARN_UNUSED_FUNCTION = YES;
				GCC_WARN_UNUSED_VARIABLE = YES;
				IPHONEOS_DEPLOYMENT_TARGET = 9.2;
				MTL_ENABLE_DEBUG_INFO = NO;
				SDKROOT = iphoneos;
				SWIFT_OPTIMIZATION_LEVEL = "-Owholemodule";
				TARGETED_DEVICE_FAMILY = "1,2";
				VALIDATE_PRODUCT = YES;
			};
			name = Release;
		};
		762A87461C77187F00554EB5 /* Debug */ = {
			isa = XCBuildConfiguration;
			buildSettings = {
				ASSETCATALOG_COMPILER_APPICON_NAME = AppIcon;
				INFOPLIST_FILE = Xib/Info.plist;
				LD_RUNPATH_SEARCH_PATHS = "$(inherited) @executable_path/Frameworks";
				PRODUCT_BUNDLE_IDENTIFIER = Gabriel.Xib;
				PRODUCT_NAME = "$(TARGET_NAME)";
				SWIFT_VERSION = 3.0;
			};
			name = Debug;
		};
		762A87471C77187F00554EB5 /* Release */ = {
			isa = XCBuildConfiguration;
			buildSettings = {
				ASSETCATALOG_COMPILER_APPICON_NAME = AppIcon;
				INFOPLIST_FILE = Xib/Info.plist;
				LD_RUNPATH_SEARCH_PATHS = "$(inherited) @executable_path/Frameworks";
				PRODUCT_BUNDLE_IDENTIFIER = Gabriel.Xib;
				PRODUCT_NAME = "$(TARGET_NAME)";
				SWIFT_VERSION = 3.0;
			};
			name = Release;
		};
/* End XCBuildConfiguration section */

/* Begin XCConfigurationList section */
		762A872E1C77187F00554EB5 /* Build configuration list for PBXProject "Xib" */ = {
			isa = XCConfigurationList;
			buildConfigurations = (
				762A87431C77187F00554EB5 /* Debug */,
				762A87441C77187F00554EB5 /* Release */,
			);
			defaultConfigurationIsVisible = 0;
			defaultConfigurationName = Release;
		};
		762A87451C77187F00554EB5 /* Build configuration list for PBXNativeTarget "Xib" */ = {
			isa = XCConfigurationList;
			buildConfigurations = (
				762A87461C77187F00554EB5 /* Debug */,
				762A87471C77187F00554EB5 /* Release */,
			);
			defaultConfigurationIsVisible = 0;
			defaultConfigurationName = Release;
		};
/* End XCConfigurationList section */
	};
	rootObject = 762A872B1C77187F00554EB5 /* Project object */;
}
